
Microsoft Visual Studio Solution File, Format Version 12.00
# Visual Studio 14
VisualStudioVersion = 14.0.25420.1
MinimumVisualStudioVersion = 10.0.40219.1
Project("{2150E333-8FDC-42A3-9474-1A3956D46DE8}") = "Apps.Base", "Apps.Base", "{431B82D0-9706-480A-9101-10D83B05C4D8}"
EndProject
Project("{FAE04EC0-301F-11D3-BF4B-00C04F79EFBC}") = "Apps.BLL", "Apps.BLL\Apps.BLL.csproj", "{A2CD8F95-93AB-43C3-A629-E96FA96C7061}"
EndProject
Project("{FAE04EC0-301F-11D3-BF4B-00C04F79EFBC}") = "Apps.IBLL", "Apps.IBLL\Apps.IBLL.csproj", "{D409A5BC-1D0C-4975-9933-C47D5A096057}"
EndProject
Project("{FAE04EC0-301F-11D3-BF4B-00C04F79EFBC}") = "Apps.DAL", "Apps.DAL\Apps.DAL.csproj", "{9F5B891C-8E0A-4BF0-8AA3-65BF6149306B}"
EndProject
Project("{FAE04EC0-301F-11D3-BF4B-00C04F79EFBC}") = "Apps.IDAL", "Apps.IDAL\Apps.IDAL.csproj", "{A230CE83-CF28-4CC6-BC3D-B747C73955DA}"
EndProject
Project("{FAE04EC0-301F-11D3-BF4B-00C04F79EFBC}") = "Apps.Models", "Apps.Models\Apps.Models.csproj", "{6B649323-CB44-4636-9555-077FF618C7C9}"
EndProject
Project("{FAE04EC0-301F-11D3-BF4B-00C04F79EFBC}") = "Apps.Common", "Apps.Common\Apps.Common.csproj", "{B9F655CE-6233-4CF4-BE04-42F6C28CC90E}"
EndProject
Project("{FAE04EC0-301F-11D3-BF4B-00C04F79EFBC}") = "Apps.Core", "Apps.Core\Apps.Core.csproj", "{B07E785A-8E5B-41A5-9A68-164E11A5A8CC}"
EndProject
Project("{FAE04EC0-301F-11D3-BF4B-00C04F79EFBC}") = "Apps.Locale", "Apps.Locale\Apps.Locale.csproj", "{1C9C121C-EB81-4F63-92E1-5C48DFE9132A}"
EndProject
Project("{FAE04EC0-301F-11D3-BF4B-00C04F79EFBC}") = "Apps.WebApi", "Apps.WebApi\Apps.WebApi.csproj", "{F3911DE6-AA6B-4C46-A8F2-F0B21338AE7D}"
EndProject
Project("{FAE04EC0-301F-11D3-BF4B-00C04F79EFBC}") = "Apps.Web", "Apps.Web\Apps.Web.csproj", "{1FD500C5-8F49-4B25-B5EC-573DC4CC1088}"
EndProject
Project("{2150E333-8FDC-42A3-9474-1A3956D46DE8}") = "Solution Items", "Solution Items", "{660BAC73-39B0-43C6-BE01-227A52A8FE28}"
	ProjectSection(SolutionItems) = preProject
		instruction.txt = instruction.txt
	EndProjectSection
EndProject
Project("{FAE04EC0-301F-11D3-BF4B-00C04F79EFBC}") = "Apps.T4", "Apps.T4\Apps.T4.csproj", "{EE90CA2E-B5B8-468F-8CED-72192AD67FFC}"
EndProject
Project("{FAE04EC0-301F-11D3-BF4B-00C04F79EFBC}") = "Apps.Lang", "Apps.Lang\Apps.Lang.csproj", "{8E9299D4-33C8-4CB3-80AB-B9A071C9C5C1}"
EndProject
Project("{2150E333-8FDC-42A3-9474-1A3956D46DE8}") = "Apps.MIS", "Apps.MIS", "{129FC338-497C-4BCC-B8D9-D0171B843F5B}"
EndProject
Project("{FAE04EC0-301F-11D3-BF4B-00C04F79EFBC}") = "Apps.MIS.BLL", "Apps.MIS.BLL\Apps.MIS.BLL.csproj", "{C6F7E2C0-DFF8-4D7C-AB96-C80FAFEB5E48}"
EndProject
Project("{FAE04EC0-301F-11D3-BF4B-00C04F79EFBC}") = "Apps.MIS.IBLL", "Apps.MIS.IBLL\Apps.MIS.IBLL.csproj", "{E0FE4E7F-5272-47CB-8FF1-A76F46A490EA}"
EndProject
Project("{FAE04EC0-301F-11D3-BF4B-00C04F79EFBC}") = "Apps.MIS.IDAL", "Apps.MIS.IDAL\Apps.MIS.IDAL.csproj", "{6B8207B3-7A2F-4183-AEA3-4597C3667CC2}"
EndProject
Project("{FAE04EC0-301F-11D3-BF4B-00C04F79EFBC}") = "Apps.MIS.DAL", "Apps.MIS.DAL\Apps.MIS.DAL.csproj", "{D967E76A-D5B9-4936-9524-9851F014785A}"
EndProject
Global
	GlobalSection(SolutionConfigurationPlatforms) = preSolution
		Debug|Any CPU = Debug|Any CPU
		Release|Any CPU = Release|Any CPU
	EndGlobalSection
	GlobalSection(ProjectConfigurationPlatforms) = postSolution
		{A2CD8F95-93AB-43C3-A629-E96FA96C7061}.Debug|Any CPU.ActiveCfg = Debug|Any CPU
		{A2CD8F95-93AB-43C3-A629-E96FA96C7061}.Debug|Any CPU.Build.0 = Debug|Any CPU
		{A2CD8F95-93AB-43C3-A629-E96FA96C7061}.Release|Any CPU.ActiveCfg = Release|Any CPU
		{A2CD8F95-93AB-43C3-A629-E96FA96C7061}.Release|Any CPU.Build.0 = Release|Any CPU
		{D409A5BC-1D0C-4975-9933-C47D5A096057}.Debug|Any CPU.ActiveCfg = Debug|Any CPU
		{D409A5BC-1D0C-4975-9933-C47D5A096057}.Debug|Any CPU.Build.0 = Debug|Any CPU
		{D409A5BC-1D0C-4975-9933-C47D5A096057}.Release|Any CPU.ActiveCfg = Release|Any CPU
		{D409A5BC-1D0C-4975-9933-C47D5A096057}.Release|Any CPU.Build.0 = Release|Any CPU
		{9F5B891C-8E0A-4BF0-8AA3-65BF6149306B}.Debug|Any CPU.ActiveCfg = Debug|Any CPU
		{9F5B891C-8E0A-4BF0-8AA3-65BF6149306B}.Debug|Any CPU.Build.0 = Debug|Any CPU
		{9F5B891C-8E0A-4BF0-8AA3-65BF6149306B}.Release|Any CPU.ActiveCfg = Release|Any CPU
		{9F5B891C-8E0A-4BF0-8AA3-65BF6149306B}.Release|Any CPU.Build.0 = Release|Any CPU
		{A230CE83-CF28-4CC6-BC3D-B747C73955DA}.Debug|Any CPU.ActiveCfg = Debug|Any CPU
		{A230CE83-CF28-4CC6-BC3D-B747C73955DA}.Debug|Any CPU.Build.0 = Debug|Any CPU
		{A230CE83-CF28-4CC6-BC3D-B747C73955DA}.Release|Any CPU.ActiveCfg = Release|Any CPU
		{A230CE83-CF28-4CC6-BC3D-B747C73955DA}.Release|Any CPU.Build.0 = Release|Any CPU
		{6B649323-CB44-4636-9555-077FF618C7C9}.Debug|Any CPU.ActiveCfg = Debug|Any CPU
		{6B649323-CB44-4636-9555-077FF618C7C9}.Debug|Any CPU.Build.0 = Debug|Any CPU
		{6B649323-CB44-4636-9555-077FF618C7C9}.Release|Any CPU.ActiveCfg = Release|Any CPU
		{6B649323-CB44-4636-9555-077FF618C7C9}.Release|Any CPU.Build.0 = Release|Any CPU
		{B9F655CE-6233-4CF4-BE04-42F6C28CC90E}.Debug|Any CPU.ActiveCfg = Debug|Any CPU
		{B9F655CE-6233-4CF4-BE04-42F6C28CC90E}.Debug|Any CPU.Build.0 = Debug|Any CPU
		{B9F655CE-6233-4CF4-BE04-42F6C28CC90E}.Release|Any CPU.ActiveCfg = Release|Any CPU
		{B9F655CE-6233-4CF4-BE04-42F6C28CC90E}.Release|Any CPU.Build.0 = Release|Any CPU
		{B07E785A-8E5B-41A5-9A68-164E11A5A8CC}.Debug|Any CPU.ActiveCfg = Debug|Any CPU
		{B07E785A-8E5B-41A5-9A68-164E11A5A8CC}.Debug|Any CPU.Build.0 = Debug|Any CPU
		{B07E785A-8E5B-41A5-9A68-164E11A5A8CC}.Release|Any CPU.ActiveCfg = Release|Any CPU
		{B07E785A-8E5B-41A5-9A68-164E11A5A8CC}.Release|Any CPU.Build.0 = Release|Any CPU
		{1C9C121C-EB81-4F63-92E1-5C48DFE9132A}.Debug|Any CPU.ActiveCfg = Debug|Any CPU
		{1C9C121C-EB81-4F63-92E1-5C48DFE9132A}.Debug|Any CPU.Build.0 = Debug|Any CPU
		{1C9C121C-EB81-4F63-92E1-5C48DFE9132A}.Release|Any CPU.ActiveCfg = Release|Any CPU
		{1C9C121C-EB81-4F63-92E1-5C48DFE9132A}.Release|Any CPU.Build.0 = Release|Any CPU
		{F3911DE6-AA6B-4C46-A8F2-F0B21338AE7D}.Debug|Any CPU.ActiveCfg = Debug|Any CPU
		{F3911DE6-AA6B-4C46-A8F2-F0B21338AE7D}.Debug|Any CPU.Build.0 = Debug|Any CPU
		{F3911DE6-AA6B-4C46-A8F2-F0B21338AE7D}.Release|Any CPU.ActiveCfg = Release|Any CPU
		{F3911DE6-AA6B-4C46-A8F2-F0B21338AE7D}.Release|Any CPU.Build.0 = Release|Any CPU
		{1FD500C5-8F49-4B25-B5EC-573DC4CC1088}.Debug|Any CPU.ActiveCfg = Debug|Any CPU
		{1FD500C5-8F49-4B25-B5EC-573DC4CC1088}.Debug|Any CPU.Build.0 = Debug|Any CPU
		{1FD500C5-8F49-4B25-B5EC-573DC4CC1088}.Release|Any CPU.ActiveCfg = Release|Any CPU
		{1FD500C5-8F49-4B25-B5EC-573DC4CC1088}.Release|Any CPU.Build.0 = Release|Any CPU
		{EE90CA2E-B5B8-468F-8CED-72192AD67FFC}.Debug|Any CPU.ActiveCfg = Debug|Any CPU
		{EE90CA2E-B5B8-468F-8CED-72192AD67FFC}.Debug|Any CPU.Build.0 = Debug|Any CPU
		{EE90CA2E-B5B8-468F-8CED-72192AD67FFC}.Release|Any CPU.ActiveCfg = Release|Any CPU
		{EE90CA2E-B5B8-468F-8CED-72192AD67FFC}.Release|Any CPU.Build.0 = Release|Any CPU
		{8E9299D4-33C8-4CB3-80AB-B9A071C9C5C1}.Debug|Any CPU.ActiveCfg = Debug|Any CPU
		{8E9299D4-33C8-4CB3-80AB-B9A071C9C5C1}.Debug|Any CPU.Build.0 = Debug|Any CPU
		{8E9299D4-33C8-4CB3-80AB-B9A071C9C5C1}.Release|Any CPU.ActiveCfg = Release|Any CPU
		{8E9299D4-33C8-4CB3-80AB-B9A071C9C5C1}.Release|Any CPU.Build.0 = Release|Any CPU
		{C6F7E2C0-DFF8-4D7C-AB96-C80FAFEB5E48}.Debug|Any CPU.ActiveCfg = Debug|Any CPU
		{C6F7E2C0-DFF8-4D7C-AB96-C80FAFEB5E48}.Debug|Any CPU.Build.0 = Debug|Any CPU
		{C6F7E2C0-DFF8-4D7C-AB96-C80FAFEB5E48}.Release|Any CPU.ActiveCfg = Release|Any CPU
		{C6F7E2C0-DFF8-4D7C-AB96-C80FAFEB5E48}.Release|Any CPU.Build.0 = Release|Any CPU
		{E0FE4E7F-5272-47CB-8FF1-A76F46A490EA}.Debug|Any CPU.ActiveCfg = Debug|Any CPU
		{E0FE4E7F-5272-47CB-8FF1-A76F46A490EA}.Debug|Any CPU.Build.0 = Debug|Any CPU
		{E0FE4E7F-5272-47CB-8FF1-A76F46A490EA}.Release|Any CPU.ActiveCfg = Release|Any CPU
		{E0FE4E7F-5272-47CB-8FF1-A76F46A490EA}.Release|Any CPU.Build.0 = Release|Any CPU
		{6B8207B3-7A2F-4183-AEA3-4597C3667CC2}.Debug|Any CPU.ActiveCfg = Debug|Any CPU
		{6B8207B3-7A2F-4183-AEA3-4597C3667CC2}.Debug|Any CPU.Build.0 = Debug|Any CPU
		{6B8207B3-7A2F-4183-AEA3-4597C3667CC2}.Release|Any CPU.ActiveCfg = Release|Any CPU
		{6B8207B3-7A2F-4183-AEA3-4597C3667CC2}.Release|Any CPU.Build.0 = Release|Any CPU
		{D967E76A-D5B9-4936-9524-9851F014785A}.Debug|Any CPU.ActiveCfg = Debug|Any CPU
		{D967E76A-D5B9-4936-9524-9851F014785A}.Debug|Any CPU.Build.0 = Debug|Any CPU
		{D967E76A-D5B9-4936-9524-9851F014785A}.Release|Any CPU.ActiveCfg = Release|Any CPU
		{D967E76A-D5B9-4936-9524-9851F014785A}.Release|Any CPU.Build.0 = Release|Any CPU
	EndGlobalSection
	GlobalSection(SolutionProperties) = preSolution
		HideSolutionNode = FALSE
	EndGlobalSection
	GlobalSection(NestedProjects) = preSolution
		{A2CD8F95-93AB-43C3-A629-E96FA96C7061} = {431B82D0-9706-480A-9101-10D83B05C4D8}
		{D409A5BC-1D0C-4975-9933-C47D5A096057} = {431B82D0-9706-480A-9101-10D83B05C4D8}
		{9F5B891C-8E0A-4BF0-8AA3-65BF6149306B} = {431B82D0-9706-480A-9101-10D83B05C4D8}
		{A230CE83-CF28-4CC6-BC3D-B747C73955DA} = {431B82D0-9706-480A-9101-10D83B05C4D8}
		{C6F7E2C0-DFF8-4D7C-AB96-C80FAFEB5E48} = {129FC338-497C-4BCC-B8D9-D0171B843F5B}
		{E0FE4E7F-5272-47CB-8FF1-A76F46A490EA} = {129FC338-497C-4BCC-B8D9-D0171B843F5B}
		{6B8207B3-7A2F-4183-AEA3-4597C3667CC2} = {129FC338-497C-4BCC-B8D9-D0171B843F5B}
		{D967E76A-D5B9-4936-9524-9851F014785A} = {129FC338-497C-4BCC-B8D9-D0171B843F5B}
	EndGlobalSection
EndGlobal
